
Microsoft Visual Studio Solution File, Format Version 12.00
# Visual Studio Version 16
VisualStudioVersion = 16.0.30225.117
MinimumVisualStudioVersion = 10.0.40219.1
Project("{FAE04EC0-301F-11D3-BF4B-00C04F79EFBC}") = "Tp8 - DealOrNoDeal", "Tp8 - DealOrNoDeal\Tp8 - DealOrNoDeal.csproj", "{6FE6C505-EDFB-4E5E-A94B-B8C72E53D9DB}"
EndProject
Global
	GlobalSection(SolutionConfigurationPlatforms) = preSolution
		Debug|Any CPU = Debug|Any CPU
		Release|Any CPU = Release|Any CPU
	EndGlobalSection
	GlobalSection(ProjectConfigurationPlatforms) = postSolution
		{6FE6C505-EDFB-4E5E-A94B-B8C72E53D9DB}.Debug|Any CPU.ActiveCfg = Debug|Any CPU
		{6FE6C505-EDFB-4E5E-A94B-B8C72E53D9DB}.Debug|Any CPU.Build.0 = Debug|Any CPU
		{6FE6C505-EDFB-4E5E-A94B-B8C72E53D9DB}.Release|Any CPU.ActiveCfg = Release|Any CPU
		{6FE6C505-EDFB-4E5E-A94B-B8C72E53D9DB}.Release|Any CPU.Build.0 = Release|Any CPU
	EndGlobalSection
	GlobalSection(SolutionProperties) = preSolution
		HideSolutionNode = FALSE
	EndGlobalSection
	GlobalSection(ExtensibilityGlobals) = postSolution
		SolutionGuid = {D6D3369B-8A68-4948-93DD-3211A16B632B}
	EndGlobalSection
EndGlobal
